PODS:
  - Bolts (1.8.4):
    - Bolts/AppLinks (= 1.8.4)
    - Bolts/Tasks (= 1.8.4)
  - Bolts/AppLinks (1.8.4):
    - Bolts/Tasks
  - Bolts/Tasks (1.8.4)
  - BoringSSL (9.1):
    - BoringSSL/Implementation (= 9.1)
    - BoringSSL/Interface (= 9.1)
  - BoringSSL/Implementation (9.1):
    - BoringSSL/Interface (= 9.1)
  - BoringSSL/Interface (9.1)
  - FBSDKCoreKit (4.29.0):
    - Bolts (~> 1.7)
  - FBSDKLoginKit (4.29.0):
    - FBSDKCoreKit
  - Firebase/Auth (4.7.0):
    - Firebase/Core
    - FirebaseAuth (= 4.4.0)
  - Firebase/Core (4.7.0):
    - FirebaseAnalytics (= 4.0.5)
    - FirebaseCore (= 4.0.12)
  - Firebase/Database (4.7.0):
    - Firebase/Core
    - FirebaseDatabase (= 4.1.2)
  - Firebase/Firestore (4.7.0):
    - Firebase/Core
    - FirebaseFirestore (= 0.9.3)
  - Firebase/Storage (4.7.0):
    - Firebase/Core
    - FirebaseStorage (= 2.1.0)
  - FirebaseAnalytics (4.0.5):
    - FirebaseCore (~> 4.0)
    - FirebaseInstanceID (~> 2.0)
    - GoogleToolboxForMac/NSData+zlib (~> 2.1)
    - nanopb (~> 0.3)
  - FirebaseAuth (4.4.0):
    - FirebaseAnalytics (~> 4.0)
    - GoogleToolboxForMac/NSDictionary+URLArguments (~> 2.1)
    - GTMSessionFetcher/Core (~> 1.1)
  - FirebaseCore (4.0.12):
    - GoogleToolboxForMac/NSData+zlib (~> 2.1)
  - FirebaseDatabase (4.1.2):
    - FirebaseAnalytics (~> 4.0)
    - FirebaseCore (~> 4.0)
    - leveldb-library (~> 1.18)
  - FirebaseFirestore (0.9.3):
    - FirebaseAnalytics (~> 4.0)
    - FirebaseAuth (~> 4.4)
    - FirebaseCore (~> 4.0)
    - gRPC-ProtoRPC (~> 1.0)
    - leveldb-library (~> 1.18)
    - Protobuf (~> 3.1)
  - FirebaseInstanceID (2.0.7)
  - FirebaseStorage (2.1.0):
    - FirebaseAnalytics (~> 4.0)
    - FirebaseCore (~> 4.0)
    - GTMSessionFetcher/Core (~> 1.1)
  - FirebaseUI (4.5.0):
    - FirebaseUI/All (= 4.5.0)
  - FirebaseUI/All (4.5.0):
    - FirebaseUI/Auth
    - FirebaseUI/Database
    - FirebaseUI/Facebook
    - FirebaseUI/Firestore
    - FirebaseUI/Google
    - FirebaseUI/Phone
    - FirebaseUI/Storage
    - FirebaseUI/Twitter
  - FirebaseUI/Auth (4.5.0):
    - Firebase/Auth (~> 4.2)
  - FirebaseUI/Database (4.5.0):
    - Firebase/Database (~> 4.0)
  - FirebaseUI/Facebook (4.5.0):
    - FBSDKLoginKit (~> 4.0)
    - FirebaseUI/Auth
  - FirebaseUI/Firestore (4.5.0):
    - Firebase/Firestore
  - FirebaseUI/Google (4.5.0):
    - FirebaseUI/Auth
    - GoogleSignIn (~> 4.0)
  - FirebaseUI/Phone (4.5.0):
    - FirebaseUI/Auth
  - FirebaseUI/Storage (4.5.0):
    - Firebase/Storage (~> 4.0)
    - SDWebImage (~> 4.0)
  - FirebaseUI/Twitter (4.5.0):
    - FirebaseUI/Auth
    - TwitterKit (~> 3.0)
  - GoogleSignIn (4.1.1):
    - GoogleToolboxForMac/NSDictionary+URLArguments (~> 2.1)
    - GoogleToolboxForMac/NSString+URLArguments (~> 2.1)
    - GTMOAuth2 (~> 1.0)
    - GTMSessionFetcher/Core (~> 1.1)
  - GoogleToolboxForMac/DebugUtils (2.1.3):
    - GoogleToolboxForMac/Defines (= 2.1.3)
  - GoogleToolboxForMac/Defines (2.1.3)
  - GoogleToolboxForMac/NSData+zlib (2.1.3):
    - GoogleToolboxForMac/Defines (= 2.1.3)
  - GoogleToolboxForMac/NSDictionary+URLArguments (2.1.3):
    - GoogleToolboxForMac/DebugUtils (= 2.1.3)
    - GoogleToolboxForMac/Defines (= 2.1.3)
    - GoogleToolboxForMac/NSString+URLArguments (= 2.1.3)
  - GoogleToolboxForMac/NSString+URLArguments (2.1.3)
  - gRPC (1.8.0):
    - gRPC-RxLibrary (= 1.8.0)
    - gRPC/Main (= 1.8.0)
  - gRPC-Core (1.8.0):
    - gRPC-Core/Implementation (= 1.8.0)
    - gRPC-Core/Interface (= 1.8.0)
  - gRPC-Core/Implementation (1.8.0):
    - BoringSSL (~> 9.0)
    - gRPC-Core/Interface (= 1.8.0)
    - nanopb (~> 0.3)
  - gRPC-Core/Interface (1.8.0)
  - gRPC-ProtoRPC (1.8.0):
    - gRPC (= 1.8.0)
    - gRPC-RxLibrary (= 1.8.0)
    - Protobuf (~> 3.0)
  - gRPC-RxLibrary (1.8.0)
  - gRPC/Main (1.8.0):
    - gRPC-Core (= 1.8.0)
    - gRPC-RxLibrary (= 1.8.0)
  - GTMOAuth2 (1.1.6):
    - GTMSessionFetcher (~> 1.1)
  - GTMSessionFetcher (1.1.12):
    - GTMSessionFetcher/Full (= 1.1.12)
  - GTMSessionFetcher/Core (1.1.12)
  - GTMSessionFetcher/Full (1.1.12):
    - GTMSessionFetcher/Core (= 1.1.12)
  - leveldb-library (1.20)
  - nanopb (0.3.8):
    - nanopb/decode (= 0.3.8)
    - nanopb/encode (= 0.3.8)
  - nanopb/decode (0.3.8)
  - nanopb/encode (0.3.8)
  - Protobuf (3.5.0)
  - SDWebImage (4.2.2):
    - SDWebImage/Core (= 4.2.2)
  - SDWebImage/Core (4.2.2)
  - TwitterCore (3.1.0)
  - TwitterKit (3.3.0):
    - TwitterCore (>= 3.1.0)

DEPENDENCIES:
  - Firebase/Core
  - FirebaseUI

SPEC CHECKSUMS:
  Bolts: 8a7995239dbe724f9cba2248b766d48b7ebdd322
  BoringSSL: 84318770d120503ab1a6aaf1df777c5ca053697e
  FBSDKCoreKit: 6f139173dc63a1deaff4430a55f2fe5bb222d2af
  FBSDKLoginKit: 56a057ca6822535ea0faa25f57a7c41edb697fd4
  Firebase: dbfb98ccec2dcfcd21ab9cc1b4981a3f3c8c5e26
  FirebaseAnalytics: 5b02a63ead2c3f0259cfc7f15e053e440587ecf8
  FirebaseAuth: cdeee95b528958dbb7dcf220ad0fb804d3a284b0
  FirebaseCore: 6cf108b63997bc08c04a1ffa55a3ac0d71a59ffc
  FirebaseDatabase: 18ecb23e15c7f58bb0c4527e9cace06897cc40ca
  FirebaseFirestore: 0b62fdbe420f2f88b6b2037ba4d92bbd4525e04a
  FirebaseInstanceID: 148c25c986c8699e67304b114e365713dce467f2
  FirebaseStorage: 0930e97994dc79b404179bdfafb6b16f59433a82
  FirebaseUI: 883482fea73b73bbb488c55176f4c6ad128957eb
  GoogleSignIn: 3fdaa34a2ba04dbd7a25d7db39aecb0da98d5bdc
  GoogleToolboxForMac: 2501e2ad72a52eb3dfe7bd9aee7dad11b858bd20
  gRPC: cc3f797b97bf221a9e535e8e012a6f99b1d7f797
  gRPC-Core: 250fd60016c4e4c413279f4002679b0e14e7df26
  gRPC-ProtoRPC: 5b934b29a95b94b0f871d4fc361ff52269476765
  gRPC-RxLibrary: 7c57a1b2ff2f9cafb0face35bbfa0a326281295d
  GTMOAuth2: c77fe325e4acd453837e72d91e3b5f13116857b2
  GTMSessionFetcher: ebaa1f79a5366922c1735f1566901f50beba23b7
  leveldb-library: 08cba283675b7ed2d99629a4bc5fd052cd2bb6a5
  nanopb: 5601e6bca2dbf1ed831b519092ec110f66982ca3
  Protobuf: 8a9838fba8dae3389230e1b7f8c104aa32389c03
  SDWebImage: 89a9d32cd520bbb46eb14e541d5109b3564af198
  TwitterCore: 644d59e75abccb26cf0a9050d2c4dea0e5412241
  TwitterKit: a2e60ddcedbf54091eac6f27685ca7a87681e1d7

PODFILE CHECKSUM: b4711dfdfec54637c9fd4d9be2adcad8100541d2

COCOAPODS: 1.3.1
