// !$*UTF8*$!
{
	archiveVersion = 1;
	classes = {
	};
	objectVersion = 48;
	objects = {

/* Begin PBXBuildFile section */
		6A4AE61A925CAC3B15694DEB /* Pods_Access_News_Reader.framework in Frameworks */ = {isa = PBXBuildFile; fileRef = A90FC11762C15309122EA314 /* Pods_Access_News_Reader.framework */; };
		D92B8ADB1FE2F90A006C5736 /* AppDelegate.swift in Sources */ = {isa = PBXBuildFile; fileRef = D92B8ADA1FE2F90A006C5736 /* AppDelegate.swift */; };
		D92B8ADD1FE2F90A006C5736 /* ViewController.swift in Sources */ = {isa = PBXBuildFile; fileRef = D92B8ADC1FE2F90A006C5736 /* ViewController.swift */; };
		D92B8AE01FE2F90A006C5736 /* Main.storyboard in Resources */ = {isa = PBXBuildFile; fileRef = D92B8ADE1FE2F90A006C5736 /* Main.storyboard */; };
		D92B8AE21FE2F90A006C5736 /* Assets.xcassets in Resources */ = {isa = PBXBuildFile; fileRef = D92B8AE11FE2F90A006C5736 /* Assets.xcassets */; };
		D92B8AE51FE2F90A006C5736 /* LaunchScreen.storyboard in Resources */ = {isa = PBXBuildFile; fileRef = D92B8AE31FE2F90A006C5736 /* LaunchScreen.storyboard */; };
		D92B8AF41FE321EE006C5736 /* GoogleService-Info.plist in Resources */ = {isa = PBXBuildFile; fileRef = D92B8AF31FE321EE006C5736 /* GoogleService-Info.plist */; };
/* End PBXBuildFile section */

/* Begin PBXFileReference section */
		0F91C5A3003CDD6DEE0E6972 /* Pods-Access News Reader.debug.xcconfig */ = {isa = PBXFileReference; includeInIndex = 1; lastKnownFileType = text.xcconfig; name = "Pods-Access News Reader.debug.xcconfig"; path = "Pods/Target Support Files/Pods-Access News Reader/Pods-Access News Reader.debug.xcconfig"; sourceTree = "<group>"; };
		A90FC11762C15309122EA314 /* Pods_Access_News_Reader.framework */ = {isa = PBXFileReference; explicitFileType = wrapper.framework; includeInIndex = 0; path = Pods_Access_News_Reader.framework; sourceTree = BUILT_PRODUCTS_DIR; };
		D92B8AD71FE2F90A006C5736 /* Access News Reader.app */ = {isa = PBXFileReference; explicitFileType = wrapper.application; includeInIndex = 0; path = "Access News Reader.app"; sourceTree = BUILT_PRODUCTS_DIR; };
		D92B8ADA1FE2F90A006C5736 /* AppDelegate.swift */ = {isa = PBXFileReference; lastKnownFileType = sourcecode.swift; path = AppDelegate.swift; sourceTree = "<group>"; };
		D92B8ADC1FE2F90A006C5736 /* ViewController.swift */ = {isa = PBXFileReference; lastKnownFileType = sourcecode.swift; path = ViewController.swift; sourceTree = "<group>"; };
		D92B8ADF1FE2F90A006C5736 /* Base */ = {isa = PBXFileReference; lastKnownFileType = file.storyboard; name = Base; path = Base.lproj/Main.storyboard; sourceTree = "<group>"; };
		D92B8AE11FE2F90A006C5736 /* Assets.xcassets */ = {isa = PBXFileReference; lastKnownFileType = folder.assetcatalog; path = Assets.xcassets; sourceTree = "<group>"; };
		D92B8AE41FE2F90A006C5736 /* Base */ = {isa = PBXFileReference; lastKnownFileType = file.storyboard; name = Base; path = Base.lproj/LaunchScreen.storyboard; sourceTree = "<group>"; };
		D92B8AE61FE2F90A006C5736 /* Info.plist */ = {isa = PBXFileReference; lastKnownFileType = text.plist.xml; path = Info.plist; sourceTree = "<group>"; };
		D92B8AF31FE321EE006C5736 /* GoogleService-Info.plist */ = {isa = PBXFileReference; fileEncoding = 4; lastKnownFileType = text.plist.xml; path = "GoogleService-Info.plist"; sourceTree = "<group>"; };
		FE9F87F6C19E3D77F76B2C4A /* Pods-Access News Reader.release.xcconfig */ = {isa = PBXFileReference; includeInIndex = 1; lastKnownFileType = text.xcconfig; name = "Pods-Access News Reader.release.xcconfig"; path = "Pods/Target Support Files/Pods-Access News Reader/Pods-Access News Reader.release.xcconfig"; sourceTree = "<group>"; };
/* End PBXFileReference section */

/* Begin PBXFrameworksBuildPhase section */
		D92B8AD41FE2F90A006C5736 /* Frameworks */ = {
			isa = PBXFrameworksBuildPhase;
			buildActionMask = 2147483647;
			files = (
				6A4AE61A925CAC3B15694DEB /* Pods_Access_News_Reader.framework in Frameworks */,
			);
			runOnlyForDeploymentPostprocessing = 0;
		};
/* End PBXFrameworksBuildPhase section */

/* Begin PBXGroup section */
		305F4E3F78F25F578C20DE8F /* Pods */ = {
			isa = PBXGroup;
			children = (
				0F91C5A3003CDD6DEE0E6972 /* Pods-Access News Reader.debug.xcconfig */,
				FE9F87F6C19E3D77F76B2C4A /* Pods-Access News Reader.release.xcconfig */,
			);
			name = Pods;
			sourceTree = "<group>";
		};
		32898F9F46ADE4E704082108 /* Frameworks */ = {
			isa = PBXGroup;
			children = (
				A90FC11762C15309122EA314 /* Pods_Access_News_Reader.framework */,
			);
			name = Frameworks;
			sourceTree = "<group>";
		};
		D92B8ACE1FE2F90A006C5736 = {
			isa = PBXGroup;
			children = (
				D92B8AD91FE2F90A006C5736 /* Access News Reader */,
				D92B8AD81FE2F90A006C5736 /* Products */,
				305F4E3F78F25F578C20DE8F /* Pods */,
				32898F9F46ADE4E704082108 /* Frameworks */,
			);
			sourceTree = "<group>";
		};
		D92B8AD81FE2F90A006C5736 /* Products */ = {
			isa = PBXGroup;
			children = (
				D92B8AD71FE2F90A006C5736 /* Access News Reader.app */,
			);
			name = Products;
			sourceTree = "<group>";
		};
		D92B8AD91FE2F90A006C5736 /* Access News Reader */ = {
			isa = PBXGroup;
			children = (
				D92B8ADA1FE2F90A006C5736 /* AppDelegate.swift */,
				D92B8ADC1FE2F90A006C5736 /* ViewController.swift */,
				D92B8ADE1FE2F90A006C5736 /* Main.storyboard */,
				D92B8AE11FE2F90A006C5736 /* Assets.xcassets */,
				D92B8AE31FE2F90A006C5736 /* LaunchScreen.storyboard */,
				D92B8AF31FE321EE006C5736 /* GoogleService-Info.plist */,
				D92B8AE61FE2F90A006C5736 /* Info.plist */,
			);
			path = "Access News Reader";
			sourceTree = "<group>";
		};
/* End PBXGroup section */

/* Begin PBXNativeTarget section */
		D92B8AD61FE2F90A006C5736 /* Access News Reader */ = {
			isa = PBXNativeTarget;
			buildConfigurationList = D92B8AE91FE2F90A006C5736 /* Build configuration list for PBXNativeTarget "Access News Reader" */;
			buildPhases = (
				352FBB734834B1CC12EC5F21 /* [CP] Check Pods Manifest.lock */,
				D92B8AD31FE2F90A006C5736 /* Sources */,
				D92B8AD41FE2F90A006C5736 /* Frameworks */,
				D92B8AD51FE2F90A006C5736 /* Resources */,
				050BD439E304B42292730B8A /* [CP] Embed Pods Frameworks */,
				10C0BDC2466AA6B3C656F2E7 /* [CP] Copy Pods Resources */,
			);
			buildRules = (
			);
			dependencies = (
			);
			name = "Access News Reader";
			productName = "Access News Reader";
			productReference = D92B8AD71FE2F90A006C5736 /* Access News Reader.app */;
			productType = "com.apple.product-type.application";
		};
/* End PBXNativeTarget section */

/* Begin PBXProject section */
		D92B8ACF1FE2F90A006C5736 /* Project object */ = {
			isa = PBXProject;
			attributes = {
				LastSwiftUpdateCheck = 0920;
				LastUpgradeCheck = 0920;
				ORGANIZATIONNAME = "Society for the Blind";
				TargetAttributes = {
					D92B8AD61FE2F90A006C5736 = {
						CreatedOnToolsVersion = 9.2;
						ProvisioningStyle = Automatic;
					};
				};
			};
			buildConfigurationList = D92B8AD21FE2F90A006C5736 /* Build configuration list for PBXProject "Access News Reader" */;
			compatibilityVersion = "Xcode 8.0";
			developmentRegion = en;
			hasScannedForEncodings = 0;
			knownRegions = (
				en,
				Base,
			);
			mainGroup = D92B8ACE1FE2F90A006C5736;
			productRefGroup = D92B8AD81FE2F90A006C5736 /* Products */;
			projectDirPath = "";
			projectRoot = "";
			targets = (
				D92B8AD61FE2F90A006C5736 /* Access News Reader */,
			);
		};
/* End PBXProject section */

/* Begin PBXResourcesBuildPhase section */
		D92B8AD51FE2F90A006C5736 /* Resources */ = {
			isa = PBXResourcesBuildPhase;
			buildActionMask = 2147483647;
			files = (
				D92B8AE51FE2F90A006C5736 /* LaunchScreen.storyboard in Resources */,
				D92B8AF41FE321EE006C5736 /* GoogleService-Info.plist in Resources */,
				D92B8AE21FE2F90A006C5736 /* Assets.xcassets in Resources */,
				D92B8AE01FE2F90A006C5736 /* Main.storyboard in Resources */,
			);
			runOnlyForDeploymentPostprocessing = 0;
		};
/* End PBXResourcesBuildPhase section */

/* Begin PBXShellScriptBuildPhase section */
		050BD439E304B42292730B8A /* [CP] Embed Pods Frameworks */ = {
			isa = PBXShellScriptBuildPhase;
			buildActionMask = 2147483647;
			files = (
			);
			inputPaths = (
				"${SRCROOT}/Pods/Target Support Files/Pods-Access News Reader/Pods-Access News Reader-frameworks.sh",
				"${BUILT_PRODUCTS_DIR}/GTMSessionFetcher/GTMSessionFetcher.framework",
				"${BUILT_PRODUCTS_DIR}/GoogleToolboxForMac/GoogleToolboxForMac.framework",
				"${BUILT_PRODUCTS_DIR}/nanopb/nanopb.framework",
			);
			name = "[CP] Embed Pods Frameworks";
			outputPaths = (
				"${TARGET_BUILD_DIR}/${FRAMEWORKS_FOLDER_PATH}/GTMSessionFetcher.framework",
				"${TARGET_BUILD_DIR}/${FRAMEWORKS_FOLDER_PATH}/GoogleToolboxForMac.framework",
				"${TARGET_BUILD_DIR}/${FRAMEWORKS_FOLDER_PATH}/nanopb.framework",
			);
			runOnlyForDeploymentPostprocessing = 0;
			shellPath = /bin/sh;
			shellScript = "\"${SRCROOT}/Pods/Target Support Files/Pods-Access News Reader/Pods-Access News Reader-frameworks.sh\"\n";
			showEnvVarsInLog = 0;
		};
		10C0BDC2466AA6B3C656F2E7 /* [CP] Copy Pods Resources */ = {
			isa = PBXShellScriptBuildPhase;
			buildActionMask = 2147483647;
			files = (
			);
			inputPaths = (
				"${SRCROOT}/Pods/Target Support Files/Pods-Access News Reader/Pods-Access News Reader-resources.sh",
				"$PODS_CONFIGURATION_BUILD_DIR/FirebaseUI/FirebaseAuthUI.bundle",
			);
			name = "[CP] Copy Pods Resources";
			outputPaths = (
				"${TARGET_BUILD_DIR}/${UNLOCALIZED_RESOURCES_FOLDER_PATH}",
			);
			runOnlyForDeploymentPostprocessing = 0;
			shellPath = /bin/sh;
			shellScript = "\"${SRCROOT}/Pods/Target Support Files/Pods-Access News Reader/Pods-Access News Reader-resources.sh\"\n";
			showEnvVarsInLog = 0;
		};
		352FBB734834B1CC12EC5F21 /* [CP] Check Pods Manifest.lock */ = {
			isa = PBXShellScriptBuildPhase;
			buildActionMask = 2147483647;
			files = (
			);
			inputPaths = (
				"${PODS_PODFILE_DIR_PATH}/Podfile.lock",
				"${PODS_ROOT}/Manifest.lock",
			);
			name = "[CP] Check Pods Manifest.lock";
			outputPaths = (
				"$(DERIVED_FILE_DIR)/Pods-Access News Reader-checkManifestLockResult.txt",
			);
			runOnlyForDeploymentPostprocessing = 0;
			shellPath = /bin/sh;
			shellScript = "diff \"${PODS_PODFILE_DIR_PATH}/Podfile.lock\" \"${PODS_ROOT}/Manifest.lock\" > /dev/null\nif [ $? != 0 ] ; then\n    # print error to STDERR\n    echo \"error: The sandbox is not in sync with the Podfile.lock. Run 'pod install' or update your CocoaPods installation.\" >&2\n    exit 1\nfi\n# This output is used by Xcode 'outputs' to avoid re-running this script phase.\necho \"SUCCESS\" > \"${SCRIPT_OUTPUT_FILE_0}\"\n";
			showEnvVarsInLog = 0;
		};
/* End PBXShellScriptBuildPhase section */

/* Begin PBXSourcesBuildPhase section */
		D92B8AD31FE2F90A006C5736 /* Sources */ = {
			isa = PBXSourcesBuildPhase;
			buildActionMask = 2147483647;
			files = (
				D92B8ADD1FE2F90A006C5736 /* ViewController.swift in Sources */,
				D92B8ADB1FE2F90A006C5736 /* AppDelegate.swift in Sources */,
			);
			runOnlyForDeploymentPostprocessing = 0;
		};
/* End PBXSourcesBuildPhase section */

/* Begin PBXVariantGroup section */
		D92B8ADE1FE2F90A006C5736 /* Main.storyboard */ = {
			isa = PBXVariantGroup;
			children = (
				D92B8ADF1FE2F90A006C5736 /* Base */,
			);
			name = Main.storyboard;
			sourceTree = "<group>";
		};
		D92B8AE31FE2F90A006C5736 /* LaunchScreen.storyboard */ = {
			isa = PBXVariantGroup;
			children = (
				D92B8AE41FE2F90A006C5736 /* Base */,
			);
			name = LaunchScreen.storyboard;
			sourceTree = "<group>";
		};
/* End PBXVariantGroup section */

/* Begin XCBuildConfiguration section */
		D92B8AE71FE2F90A006C5736 /* Debug */ = {
			isa = XCBuildConfiguration;
			buildSettings = {
				ALWAYS_SEARCH_USER_PATHS = NO;
				CLANG_ANALYZER_NONNULL = YES;
				CLANG_ANALYZER_NUMBER_OBJECT_CONVERSION = YES_AGGRESSIVE;
				CLANG_CXX_LANGUAGE_STANDARD = "gnu++14";
				CLANG_CXX_LIBRARY = "libc++";
				CLANG_ENABLE_MODULES = YES;
				CLANG_ENABLE_OBJC_ARC = YES;
				CLANG_WARN_BLOCK_CAPTURE_AUTORELEASING = YES;
				CLANG_WARN_BOOL_CONVERSION = YES;
				CLANG_WARN_COMMA = YES;
				CLANG_WARN_CONSTANT_CONVERSION = YES;
				CLANG_WARN_DIRECT_OBJC_ISA_USAGE = YES_ERROR;
				CLANG_WARN_DOCUMENTATION_COMMENTS = YES;
				CLANG_WARN_EMPTY_BODY = YES;
				CLANG_WARN_ENUM_CONVERSION = YES;
				CLANG_WARN_INFINITE_RECURSION = YES;
				CLANG_WARN_INT_CONVERSION = YES;
				CLANG_WARN_NON_LITERAL_NULL_CONVERSION = YES;
				CLANG_WARN_OBJC_LITERAL_CONVERSION = YES;
				CLANG_WARN_OBJC_ROOT_CLASS = YES_ERROR;
				CLANG_WARN_RANGE_LOOP_ANALYSIS = YES;
				CLANG_WARN_STRICT_PROTOTYPES = YES;
				CLANG_WARN_SUSPICIOUS_MOVE = YES;
				CLANG_WARN_UNGUARDED_AVAILABILITY = YES_AGGRESSIVE;
				CLANG_WARN_UNREACHABLE_CODE = YES;
				CLANG_WARN__DUPLICATE_METHOD_MATCH = YES;
				CODE_SIGN_IDENTITY = "iPhone Developer";
				COPY_PHASE_STRIP = NO;
				DEBUG_INFORMATION_FORMAT = dwarf;
				ENABLE_STRICT_OBJC_MSGSEND = YES;
				ENABLE_TESTABILITY = YES;
				GCC_C_LANGUAGE_STANDARD = gnu11;
				GCC_DYNAMIC_NO_PIC = NO;
				GCC_NO_COMMON_BLOCKS = YES;
				GCC_OPTIMIZATION_LEVEL = 0;
				GCC_PREPROCESSOR_DEFINITIONS = (
					"DEBUG=1",
					"$(inherited)",
				);
				GCC_WARN_64_TO_32_BIT_CONVERSION = YES;
				GCC_WARN_ABOUT_RETURN_TYPE = YES_ERROR;
				GCC_WARN_UNDECLARED_SELECTOR = YES;
				GCC_WARN_UNINITIALIZED_AUTOS = YES_AGGRESSIVE;
				GCC_WARN_UNUSED_FUNCTION = YES;
				GCC_WARN_UNUSED_VARIABLE = YES;
				IPHONEOS_DEPLOYMENT_TARGET = 11.2;
				MTL_ENABLE_DEBUG_INFO = YES;
				ONLY_ACTIVE_ARCH = YES;
				SDKROOT = iphoneos;
				SWIFT_ACTIVE_COMPILATION_CONDITIONS = DEBUG;
				SWIFT_OPTIMIZATION_LEVEL = "-Onone";
			};
			name = Debug;
		};
		D92B8AE81FE2F90A006C5736 /* Release */ = {
			isa = XCBuildConfiguration;
			buildSettings = {
				ALWAYS_SEARCH_USER_PATHS = NO;
				CLANG_ANALYZER_NONNULL = YES;
				CLANG_ANALYZER_NUMBER_OBJECT_CONVERSION = YES_AGGRESSIVE;
				CLANG_CXX_LANGUAGE_STANDARD = "gnu++14";
				CLANG_CXX_LIBRARY = "libc++";
				CLANG_ENABLE_MODULES = YES;
				CLANG_ENABLE_OBJC_ARC = YES;
				CLANG_WARN_BLOCK_CAPTURE_AUTORELEASING = YES;
				CLANG_WARN_BOOL_CONVERSION = YES;
				CLANG_WARN_COMMA = YES;
				CLANG_WARN_CONSTANT_CONVERSION = YES;
				CLANG_WARN_DIRECT_OBJC_ISA_USAGE = YES_ERROR;
				CLANG_WARN_DOCUMENTATION_COMMENTS = YES;
				CLANG_WARN_EMPTY_BODY = YES;
				CLANG_WARN_ENUM_CONVERSION = YES;
				CLANG_WARN_INFINITE_RECURSION = YES;
				CLANG_WARN_INT_CONVERSION = YES;
				CLANG_WARN_NON_LITERAL_NULL_CONVERSION = YES;
				CLANG_WARN_OBJC_LITERAL_CONVERSION = YES;
				CLANG_WARN_OBJC_ROOT_CLASS = YES_ERROR;
				CLANG_WARN_RANGE_LOOP_ANALYSIS = YES;
				CLANG_WARN_STRICT_PROTOTYPES = YES;
				CLANG_WARN_SUSPICIOUS_MOVE = YES;
				CLANG_WARN_UNGUARDED_AVAILABILITY = YES_AGGRESSIVE;
				CLANG_WARN_UNREACHABLE_CODE = YES;
				CLANG_WARN__DUPLICATE_METHOD_MATCH = YES;
				CODE_SIGN_IDENTITY = "iPhone Developer";
				COPY_PHASE_STRIP = NO;
				DEBUG_INFORMATION_FORMAT = "dwarf-with-dsym";
				ENABLE_NS_ASSERTIONS = NO;
				ENABLE_STRICT_OBJC_MSGSEND = YES;
				GCC_C_LANGUAGE_STANDARD = gnu11;
				GCC_NO_COMMON_BLOCKS = YES;
				GCC_WARN_64_TO_32_BIT_CONVERSION = YES;
				GCC_WARN_ABOUT_RETURN_TYPE = YES_ERROR;
				GCC_WARN_UNDECLARED_SELECTOR = YES;
				GCC_WARN_UNINITIALIZED_AUTOS = YES_AGGRESSIVE;
				GCC_WARN_UNUSED_FUNCTION = YES;
				GCC_WARN_UNUSED_VARIABLE = YES;
				IPHONEOS_DEPLOYMENT_TARGET = 11.2;
				MTL_ENABLE_DEBUG_INFO = NO;
				SDKROOT = iphoneos;
				SWIFT_OPTIMIZATION_LEVEL = "-Owholemodule";
				VALIDATE_PRODUCT = YES;
			};
			name = Release;
		};
		D92B8AEA1FE2F90A006C5736 /* Debug */ = {
			isa = XCBuildConfiguration;
			baseConfigurationReference = 0F91C5A3003CDD6DEE0E6972 /* Pods-Access News Reader.debug.xcconfig */;
			buildSettings = {
				ASSETCATALOG_COMPILER_APPICON_NAME = AppIcon;
				CODE_SIGN_STYLE = Automatic;
				DEVELOPMENT_TEAM = "";
				INFOPLIST_FILE = "Access News Reader/Info.plist";
				LD_RUNPATH_SEARCH_PATHS = "$(inherited) @executable_path/Frameworks";
				PRODUCT_BUNDLE_IDENTIFIER = "org.societyfortheblind.Access-News-Reader";
				PRODUCT_NAME = "$(TARGET_NAME)";
				SWIFT_VERSION = 4.0;
				TARGETED_DEVICE_FAMILY = "1,2";
			};
			name = Debug;
		};
		D92B8AEB1FE2F90A006C5736 /* Release */ = {
			isa = XCBuildConfiguration;
			baseConfigurationReference = FE9F87F6C19E3D77F76B2C4A /* Pods-Access News Reader.release.xcconfig */;
			buildSettings = {
				ASSETCATALOG_COMPILER_APPICON_NAME = AppIcon;
				CODE_SIGN_STYLE = Automatic;
				DEVELOPMENT_TEAM = "";
				INFOPLIST_FILE = "Access News Reader/Info.plist";
				LD_RUNPATH_SEARCH_PATHS = "$(inherited) @executable_path/Frameworks";
				PRODUCT_BUNDLE_IDENTIFIER = "org.societyfortheblind.Access-News-Reader";
				PRODUCT_NAME = "$(TARGET_NAME)";
				SWIFT_VERSION = 4.0;
				TARGETED_DEVICE_FAMILY = "1,2";
			};
			name = Release;
		};
/* End XCBuildConfiguration section */

/* Begin XCConfigurationList section */
		D92B8AD21FE2F90A006C5736 /* Build configuration list for PBXProject "Access News Reader" */ = {
			isa = XCConfigurationList;
			buildConfigurations = (
				D92B8AE71FE2F90A006C5736 /* Debug */,
				D92B8AE81FE2F90A006C5736 /* Release */,
			);
			defaultConfigurationIsVisible = 0;
			defaultConfigurationName = Release;
		};
		D92B8AE91FE2F90A006C5736 /* Build configuration list for PBXNativeTarget "Access News Reader" */ = {
			isa = XCConfigurationList;
			buildConfigurations = (
				D92B8AEA1FE2F90A006C5736 /* Debug */,
				D92B8AEB1FE2F90A006C5736 /* Release */,
			);
			defaultConfigurationIsVisible = 0;
			defaultConfigurationName = Release;
		};
/* End XCConfigurationList section */
	};
	rootObject = D92B8ACF1FE2F90A006C5736 /* Project object */;
}
